
Microsoft Visual Studio Solution File, Format Version 12.00
# Visual Studio Express 2012 for Windows Desktop
Project("{FAE04EC0-301F-11D3-BF4B-00C04F79EFBC}") = "AsyncDeadLockSample", "AsyncDeadLockSample\AsyncDeadLockSample.csproj", "{502411FC-CC6E-48D8-9E89-96EB93C2685B}"
EndProject
Project("{FAE04EC0-301F-11D3-BF4B-00C04F79EFBC}") = "TaskDelaySample", "TaskDelaySample\TaskDelaySample.csproj", "{DE1544EF-3E0C-41DD-BFA2-B9C1D1228285}"
EndProject
Project("{FAE04EC0-301F-11D3-BF4B-00C04F79EFBC}") = "TaskFromResultSample", "TaskFromResultSample\TaskFromResultSample.csproj", "{243677C6-6735-4A66-9036-B5D0BD44E02E}"
EndProject
Project("{FAE04EC0-301F-11D3-BF4B-00C04F79EFBC}") = "ProgressWindowsFormsSample", "ProgressWindowsFormsSample\ProgressWindowsFormsSample.csproj", "{90A5FB8D-3895-453D-863D-29B9EE02F15B}"
EndProject
Project("{FAE04EC0-301F-11D3-BF4B-00C04F79EFBC}") = "ProgressWPFSample", "ProgressWPFSample\ProgressWPFSample.csproj", "{5B38D99F-3609-47C0-B4A9-842A9A696A3E}"
EndProject
Project("{FAE04EC0-301F-11D3-BF4B-00C04F79EFBC}") = "TaskWhenAnyAllWPFSample", "TaskWhenAnyWPFSample\TaskWhenAnyAllWPFSample.csproj", "{D1E3AC2F-877F-45A1-BC89-4DBB77A98C9F}"
EndProject
Project("{FAE04EC0-301F-11D3-BF4B-00C04F79EFBC}") = "GetResultOnTheFlySample", "GetResultOnTheFlySample\GetResultOnTheFlySample.csproj", "{F9817F88-5801-4062-83DE-708BCF6BCE65}"
EndProject
Project("{FAE04EC0-301F-11D3-BF4B-00C04F79EFBC}") = "AsyncAwaitExceptionHandlingSample", "AsyncAwaitExceptionHandlingSample\AsyncAwaitExceptionHandlingSample.csproj", "{DF95CC6B-2FB7-4A5A-AD49-9C3B91EC29E6}"
EndProject
Project("{FAE04EC0-301F-11D3-BF4B-00C04F79EFBC}") = "RxThrottlingSample", "RxThrottlingSample\RxThrottlingSample.csproj", "{4CFFF71B-5FC3-401A-A76E-1009B417C65A}"
EndProject
Project("{FAE04EC0-301F-11D3-BF4B-00C04F79EFBC}") = "RxTimeoutSample", "RxTimeoutSample\RxTimeoutSample.csproj", "{E6DCF6BC-5FC5-4EB2-9BEA-CDBD6A8EBB24}"
EndProject
Project("{FAE04EC0-301F-11D3-BF4B-00C04F79EFBC}") = "ImmutableCollectionsSample", "ImmutableCollectionsSample\ImmutableCollectionsSample.csproj", "{A6EA6DB8-9AC9-4122-9A30-4DEF9A50F2F6}"
EndProject
Project("{FAE04EC0-301F-11D3-BF4B-00C04F79EFBC}") = "CancellationTokenSample", "CancellationTokenSample\CancellationTokenSample.csproj", "{280C608B-E837-4C38-8FD5-0C60F9205278}"
EndProject
Project("{FAE04EC0-301F-11D3-BF4B-00C04F79EFBC}") = "Assets", "Assets\Assets.csproj", "{565212C5-A8D8-47F5-9A02-EE82C0F8F26A}"
EndProject
Project("{FAE04EC0-301F-11D3-BF4B-00C04F79EFBC}") = "AsyncInstantiationSample", "AsyncInstantiationSample\AsyncInstantiationSample.csproj", "{F05A1DD8-42FD-4581-A868-4BF8271F3682}"
EndProject
Project("{FAE04EC0-301F-11D3-BF4B-00C04F79EFBC}") = "TaskContinuationWPFSample", "TaskContinuationWPFSample\TaskContinuationWPFSample.csproj", "{248ED9E8-1151-4FAE-9BE2-8E84E27AFC86}"
EndProject
Global
	GlobalSection(SolutionConfigurationPlatforms) = preSolution
		Debug|Any CPU = Debug|Any CPU
		Release|Any CPU = Release|Any CPU
	EndGlobalSection
	GlobalSection(ProjectConfigurationPlatforms) = postSolution
		{502411FC-CC6E-48D8-9E89-96EB93C2685B}.Debug|Any CPU.ActiveCfg = Debug|Any CPU
		{502411FC-CC6E-48D8-9E89-96EB93C2685B}.Debug|Any CPU.Build.0 = Debug|Any CPU
		{502411FC-CC6E-48D8-9E89-96EB93C2685B}.Release|Any CPU.ActiveCfg = Release|Any CPU
		{502411FC-CC6E-48D8-9E89-96EB93C2685B}.Release|Any CPU.Build.0 = Release|Any CPU
		{DE1544EF-3E0C-41DD-BFA2-B9C1D1228285}.Debug|Any CPU.ActiveCfg = Debug|Any CPU
		{DE1544EF-3E0C-41DD-BFA2-B9C1D1228285}.Debug|Any CPU.Build.0 = Debug|Any CPU
		{DE1544EF-3E0C-41DD-BFA2-B9C1D1228285}.Release|Any CPU.ActiveCfg = Release|Any CPU
		{DE1544EF-3E0C-41DD-BFA2-B9C1D1228285}.Release|Any CPU.Build.0 = Release|Any CPU
		{243677C6-6735-4A66-9036-B5D0BD44E02E}.Debug|Any CPU.ActiveCfg = Debug|Any CPU
		{243677C6-6735-4A66-9036-B5D0BD44E02E}.Debug|Any CPU.Build.0 = Debug|Any CPU
		{243677C6-6735-4A66-9036-B5D0BD44E02E}.Release|Any CPU.ActiveCfg = Release|Any CPU
		{243677C6-6735-4A66-9036-B5D0BD44E02E}.Release|Any CPU.Build.0 = Release|Any CPU
		{90A5FB8D-3895-453D-863D-29B9EE02F15B}.Debug|Any CPU.ActiveCfg = Debug|Any CPU
		{90A5FB8D-3895-453D-863D-29B9EE02F15B}.Debug|Any CPU.Build.0 = Debug|Any CPU
		{90A5FB8D-3895-453D-863D-29B9EE02F15B}.Release|Any CPU.ActiveCfg = Release|Any CPU
		{90A5FB8D-3895-453D-863D-29B9EE02F15B}.Release|Any CPU.Build.0 = Release|Any CPU
		{5B38D99F-3609-47C0-B4A9-842A9A696A3E}.Debug|Any CPU.ActiveCfg = Debug|Any CPU
		{5B38D99F-3609-47C0-B4A9-842A9A696A3E}.Debug|Any CPU.Build.0 = Debug|Any CPU
		{5B38D99F-3609-47C0-B4A9-842A9A696A3E}.Release|Any CPU.ActiveCfg = Release|Any CPU
		{5B38D99F-3609-47C0-B4A9-842A9A696A3E}.Release|Any CPU.Build.0 = Release|Any CPU
		{D1E3AC2F-877F-45A1-BC89-4DBB77A98C9F}.Debug|Any CPU.ActiveCfg = Debug|Any CPU
		{D1E3AC2F-877F-45A1-BC89-4DBB77A98C9F}.Debug|Any CPU.Build.0 = Debug|Any CPU
		{D1E3AC2F-877F-45A1-BC89-4DBB77A98C9F}.Release|Any CPU.ActiveCfg = Release|Any CPU
		{D1E3AC2F-877F-45A1-BC89-4DBB77A98C9F}.Release|Any CPU.Build.0 = Release|Any CPU
		{F9817F88-5801-4062-83DE-708BCF6BCE65}.Debug|Any CPU.ActiveCfg = Debug|Any CPU
		{F9817F88-5801-4062-83DE-708BCF6BCE65}.Debug|Any CPU.Build.0 = Debug|Any CPU
		{F9817F88-5801-4062-83DE-708BCF6BCE65}.Release|Any CPU.ActiveCfg = Release|Any CPU
		{F9817F88-5801-4062-83DE-708BCF6BCE65}.Release|Any CPU.Build.0 = Release|Any CPU
		{DF95CC6B-2FB7-4A5A-AD49-9C3B91EC29E6}.Debug|Any CPU.ActiveCfg = Debug|Any CPU
		{DF95CC6B-2FB7-4A5A-AD49-9C3B91EC29E6}.Debug|Any CPU.Build.0 = Debug|Any CPU
		{DF95CC6B-2FB7-4A5A-AD49-9C3B91EC29E6}.Release|Any CPU.ActiveCfg = Release|Any CPU
		{DF95CC6B-2FB7-4A5A-AD49-9C3B91EC29E6}.Release|Any CPU.Build.0 = Release|Any CPU
		{4CFFF71B-5FC3-401A-A76E-1009B417C65A}.Debug|Any CPU.ActiveCfg = Debug|Any CPU
		{4CFFF71B-5FC3-401A-A76E-1009B417C65A}.Debug|Any CPU.Build.0 = Debug|Any CPU
		{4CFFF71B-5FC3-401A-A76E-1009B417C65A}.Release|Any CPU.ActiveCfg = Release|Any CPU
		{4CFFF71B-5FC3-401A-A76E-1009B417C65A}.Release|Any CPU.Build.0 = Release|Any CPU
		{E6DCF6BC-5FC5-4EB2-9BEA-CDBD6A8EBB24}.Debug|Any CPU.ActiveCfg = Debug|Any CPU
		{E6DCF6BC-5FC5-4EB2-9BEA-CDBD6A8EBB24}.Debug|Any CPU.Build.0 = Debug|Any CPU
		{E6DCF6BC-5FC5-4EB2-9BEA-CDBD6A8EBB24}.Release|Any CPU.ActiveCfg = Release|Any CPU
		{E6DCF6BC-5FC5-4EB2-9BEA-CDBD6A8EBB24}.Release|Any CPU.Build.0 = Release|Any CPU
		{A6EA6DB8-9AC9-4122-9A30-4DEF9A50F2F6}.Debug|Any CPU.ActiveCfg = Debug|Any CPU
		{A6EA6DB8-9AC9-4122-9A30-4DEF9A50F2F6}.Debug|Any CPU.Build.0 = Debug|Any CPU
		{A6EA6DB8-9AC9-4122-9A30-4DEF9A50F2F6}.Release|Any CPU.ActiveCfg = Release|Any CPU
		{A6EA6DB8-9AC9-4122-9A30-4DEF9A50F2F6}.Release|Any CPU.Build.0 = Release|Any CPU
		{280C608B-E837-4C38-8FD5-0C60F9205278}.Debug|Any CPU.ActiveCfg = Debug|Any CPU
		{280C608B-E837-4C38-8FD5-0C60F9205278}.Debug|Any CPU.Build.0 = Debug|Any CPU
		{280C608B-E837-4C38-8FD5-0C60F9205278}.Release|Any CPU.ActiveCfg = Release|Any CPU
		{280C608B-E837-4C38-8FD5-0C60F9205278}.Release|Any CPU.Build.0 = Release|Any CPU
		{565212C5-A8D8-47F5-9A02-EE82C0F8F26A}.Debug|Any CPU.ActiveCfg = Debug|Any CPU
		{565212C5-A8D8-47F5-9A02-EE82C0F8F26A}.Debug|Any CPU.Build.0 = Debug|Any CPU
		{565212C5-A8D8-47F5-9A02-EE82C0F8F26A}.Release|Any CPU.ActiveCfg = Release|Any CPU
		{565212C5-A8D8-47F5-9A02-EE82C0F8F26A}.Release|Any CPU.Build.0 = Release|Any CPU
		{F05A1DD8-42FD-4581-A868-4BF8271F3682}.Debug|Any CPU.ActiveCfg = Debug|Any CPU
		{F05A1DD8-42FD-4581-A868-4BF8271F3682}.Debug|Any CPU.Build.0 = Debug|Any CPU
		{F05A1DD8-42FD-4581-A868-4BF8271F3682}.Release|Any CPU.ActiveCfg = Release|Any CPU
		{F05A1DD8-42FD-4581-A868-4BF8271F3682}.Release|Any CPU.Build.0 = Release|Any CPU
		{248ED9E8-1151-4FAE-9BE2-8E84E27AFC86}.Debug|Any CPU.ActiveCfg = Debug|Any CPU
		{248ED9E8-1151-4FAE-9BE2-8E84E27AFC86}.Debug|Any CPU.Build.0 = Debug|Any CPU
		{248ED9E8-1151-4FAE-9BE2-8E84E27AFC86}.Release|Any CPU.ActiveCfg = Release|Any CPU
		{248ED9E8-1151-4FAE-9BE2-8E84E27AFC86}.Release|Any CPU.Build.0 = Release|Any CPU
	EndGlobalSection
	GlobalSection(SolutionProperties) = preSolution
		HideSolutionNode = FALSE
	EndGlobalSection
EndGlobal
